
Microsoft Visual Studio Solution File, Format Version 12.00
# Visual Studio Version 17
VisualStudioVersion = 17.2.32616.157
MinimumVisualStudioVersion = 10.0.40219.1
Project("{8BC9CEB8-8B4A-11D0-8D11-00A0C91BC942}") = "NativeBayesTest1", "NativeBayesTest1.vcxproj", "{848A2F4B-FB2F-4FD5-A896-3EABE43A2AEE}"
EndProject
Global
	GlobalSection(SolutionConfigurationPlatforms) = preSolution
		Debug|x64 = Debug|x64
		Debug|x86 = Debug|x86
		Release|x64 = Release|x64
		Release|x86 = Release|x86
	EndGlobalSection
	GlobalSection(ProjectConfigurationPlatforms) = postSolution
		{848A2F4B-FB2F-4FD5-A896-3EABE43A2AEE}.Debug|x64.ActiveCfg = Debug|x64
		{848A2F4B-FB2F-4FD5-A896-3EABE43A2AEE}.Debug|x64.Build.0 = Debug|x64
		{848A2F4B-FB2F-4FD5-A896-3EABE43A2AEE}.Debug|x86.ActiveCfg = Debug|Win32
		{848A2F4B-FB2F-4FD5-A896-3EABE43A2AEE}.Debug|x86.Build.0 = Debug|Win32
		{848A2F4B-FB2F-4FD5-A896-3EABE43A2AEE}.Release|x64.ActiveCfg = Release|x64
		{848A2F4B-FB2F-4FD5-A896-3EABE43A2AEE}.Release|x64.Build.0 = Release|x64
		{848A2F4B-FB2F-4FD5-A896-3EABE43A2AEE}.Release|x86.ActiveCfg = Release|Win32
		{848A2F4B-FB2F-4FD5-A896-3EABE43A2AEE}.Release|x86.Build.0 = Release|Win32
	EndGlobalSection
	GlobalSection(SolutionProperties) = preSolution
		HideSolutionNode = FALSE
	EndGlobalSection
	GlobalSection(ExtensibilityGlobals) = postSolution
		SolutionGuid = {CB10235C-2B1D-4638-A4AE-7E6BF7048A85}
	EndGlobalSection
EndGlobal
